
Microsoft Visual Studio Solution File, Format Version 12.00
# Visual Studio Version 16
VisualStudioVersion = 16.0.29503.13
MinimumVisualStudioVersion = 10.0.40219.1
Project("{FAE04EC0-301F-11D3-BF4B-00C04F79EFBC}") = "Trial 2", "Trial 2\Trial 2.csproj", "{673F5E27-3873-40ED-8E11-31FF4EEAFD99}"
EndProject
Global
	GlobalSection(SolutionConfigurationPlatforms) = preSolution
		Debug|Any CPU = Debug|Any CPU
		Release|Any CPU = Release|Any CPU
	EndGlobalSection
	GlobalSection(ProjectConfigurationPlatforms) = postSolution
		{673F5E27-3873-40ED-8E11-31FF4EEAFD99}.Debug|Any CPU.ActiveCfg = Debug|Any CPU
		{673F5E27-3873-40ED-8E11-31FF4EEAFD99}.Debug|Any CPU.Build.0 = Debug|Any CPU
		{673F5E27-3873-40ED-8E11-31FF4EEAFD99}.Release|Any CPU.ActiveCfg = Release|Any CPU
		{673F5E27-3873-40ED-8E11-31FF4EEAFD99}.Release|Any CPU.Build.0 = Release|Any CPU
	EndGlobalSection
	GlobalSection(SolutionProperties) = preSolution
		HideSolutionNode = FALSE
	EndGlobalSection
	GlobalSection(ExtensibilityGlobals) = postSolution
		SolutionGuid = {CA32B923-4E72-4743-AE02-3E5AEB06F708}
	EndGlobalSection
EndGlobal
